
Microsoft Visual Studio Solution File, Format Version 12.00
# Visual Studio Version 17
VisualStudioVersion = 17.11.35312.102
MinimumVisualStudioVersion = 10.0.40219.1
Project("{FAE04EC0-301F-11D3-BF4B-00C04F79EFBC}") = "FinalExam2025", "FinalExam2025\FinalExam2025.csproj", "{3BB0E75E-3823-47F1-AAE0-A802C14995BC}"
EndProject
Global
	GlobalSection(SolutionConfigurationPlatforms) = preSolution
		Debug|Any CPU = Debug|Any CPU
		Release|Any CPU = Release|Any CPU
	EndGlobalSection
	GlobalSection(ProjectConfigurationPlatforms) = postSolution
		{3BB0E75E-3823-47F1-AAE0-A802C14995BC}.Debug|Any CPU.ActiveCfg = Debug|Any CPU
		{3BB0E75E-3823-47F1-AAE0-A802C14995BC}.Debug|Any CPU.Build.0 = Debug|Any CPU
		{3BB0E75E-3823-47F1-AAE0-A802C14995BC}.Release|Any CPU.ActiveCfg = Release|Any CPU
		{3BB0E75E-3823-47F1-AAE0-A802C14995BC}.Release|Any CPU.Build.0 = Release|Any CPU
	EndGlobalSection
	GlobalSection(SolutionProperties) = preSolution
		HideSolutionNode = FALSE
	EndGlobalSection
	GlobalSection(ExtensibilityGlobals) = postSolution
		SolutionGuid = {B94A7EB7-8F1E-400E-858A-2D88A52BADB2}
	EndGlobalSection
EndGlobal
